
Microsoft Visual Studio Solution File, Format Version 12.00
# Visual Studio 2013
VisualStudioVersion = 12.0.21005.1
MinimumVisualStudioVersion = 10.0.40219.1
Project("{FAE04EC0-301F-11D3-BF4B-00C04F79EFBC}") = "MessagingTest", "MessagingTest\MessagingTest.csproj", "{AA3BD7D5-246B-4A84-A2F0-5599E8E3E8A7}"
EndProject
Project("{2150E333-8FDC-42A3-9474-1A3956D46DE8}") = ".nuget", ".nuget", "{869C53CD-D6B3-48B0-9D9E-FFE3DD3AA5BE}"
	ProjectSection(SolutionItems) = preProject
		.nuget\packages.config = .nuget\packages.config
	EndProjectSection
EndProject
Global
	GlobalSection(SolutionConfigurationPlatforms) = preSolution
		Debug|Any CPU = Debug|Any CPU
		Release|Any CPU = Release|Any CPU
	EndGlobalSection
	GlobalSection(ProjectConfigurationPlatforms) = postSolution
		{AA3BD7D5-246B-4A84-A2F0-5599E8E3E8A7}.Debug|Any CPU.ActiveCfg = Debug|Any CPU
		{AA3BD7D5-246B-4A84-A2F0-5599E8E3E8A7}.Debug|Any CPU.Build.0 = Debug|Any CPU
		{AA3BD7D5-246B-4A84-A2F0-5599E8E3E8A7}.Release|Any CPU.ActiveCfg = Release|Any CPU
		{AA3BD7D5-246B-4A84-A2F0-5599E8E3E8A7}.Release|Any CPU.Build.0 = Release|Any CPU
	EndGlobalSection
	GlobalSection(SolutionProperties) = preSolution
		HideSolutionNode = FALSE
	EndGlobalSection
EndGlobal
